// !$*UTF8*$!
{
	archiveVersion = 1;
	classes = {
	};
	objectVersion = 46;
	objects = {

/* Begin PBXBuildFile section */
		010887CA1D2E4552004BABD6 /* bk1@2x.jpg in Resources */ = {isa = PBXBuildFile; fileRef = 010887AB1D2E4552004BABD6 /* bk1@2x.jpg */; };
		010887CB1D2E4552004BABD6 /* bk2@2x.jpg in Resources */ = {isa = PBXBuildFile; fileRef = 010887AC1D2E4552004BABD6 /* bk2@2x.jpg */; };
		010887CC1D2E4552004BABD6 /* lm.gif in Resources */ = {isa = PBXBuildFile; fileRef = 010887AD1D2E4552004BABD6 /* lm.gif */; };
		010887CD1D2E4552004BABD6 /* s10.png in Resources */ = {isa = PBXBuildFile; fileRef = 010887AE1D2E4552004BABD6 /* s10.png */; };
		010887CE1D2E4552004BABD6 /* s11.png in Resources */ = {isa = PBXBuildFile; fileRef = 010887AF1D2E4552004BABD6 /* s11.png */; };
		010887CF1D2E4552004BABD6 /* s12.png in Resources */ = {isa = PBXBuildFile; fileRef = 010887B01D2E4552004BABD6 /* s12.png */; };
		010887D01D2E4552004BABD6 /* s13.png in Resources */ = {isa = PBXBuildFile; fileRef = 010887B11D2E4552004BABD6 /* s13.png */; };
		010887D11D2E4552004BABD6 /* s14.png in Resources */ = {isa = PBXBuildFile; fileRef = 010887B21D2E4552004BABD6 /* s14.png */; };
		010887D21D2E4552004BABD6 /* s15.png in Resources */ = {isa = PBXBuildFile; fileRef = 010887B31D2E4552004BABD6 /* s15.png */; };
		010887D31D2E4552004BABD6 /* s16.png in Resources */ = {isa = PBXBuildFile; fileRef = 010887B41D2E4552004BABD6 /* s16.png */; };
		010887D41D2E4552004BABD6 /* s17.png in Resources */ = {isa = PBXBuildFile; fileRef = 010887B51D2E4552004BABD6 /* s17.png */; };
		010887D51D2E4552004BABD6 /* s18.png in Resources */ = {isa = PBXBuildFile; fileRef = 010887B61D2E4552004BABD6 /* s18.png */; };
		010887D61D2E4552004BABD6 /* s19.png in Resources */ = {isa = PBXBuildFile; fileRef = 010887B71D2E4552004BABD6 /* s19.png */; };
		010887D71D2E4552004BABD6 /* s2.png in Resources */ = {isa = PBXBuildFile; fileRef = 010887B81D2E4552004BABD6 /* s2.png */; };
		010887D81D2E4552004BABD6 /* s20.png in Resources */ = {isa = PBXBuildFile; fileRef = 010887B91D2E4552004BABD6 /* s20.png */; };
		010887D91D2E4552004BABD6 /* s21.png in Resources */ = {isa = PBXBuildFile; fileRef = 010887BA1D2E4552004BABD6 /* s21.png */; };
		010887DA1D2E4552004BABD6 /* s22.png in Resources */ = {isa = PBXBuildFile; fileRef = 010887BB1D2E4552004BABD6 /* s22.png */; };
		010887DB1D2E4552004BABD6 /* s23.png in Resources */ = {isa = PBXBuildFile; fileRef = 010887BC1D2E4552004BABD6 /* s23.png */; };
		010887DC1D2E4552004BABD6 /* s24.png in Resources */ = {isa = PBXBuildFile; fileRef = 010887BD1D2E4552004BABD6 /* s24.png */; };
		010887DD1D2E4552004BABD6 /* s25.png in Resources */ = {isa = PBXBuildFile; fileRef = 010887BE1D2E4552004BABD6 /* s25.png */; };
		010887DE1D2E4552004BABD6 /* s26.png in Resources */ = {isa = PBXBuildFile; fileRef = 010887BF1D2E4552004BABD6 /* s26.png */; };
		010887DF1D2E4552004BABD6 /* s27.png in Resources */ = {isa = PBXBuildFile; fileRef = 010887C01D2E4552004BABD6 /* s27.png */; };
		010887E01D2E4552004BABD6 /* s3.png in Resources */ = {isa = PBXBuildFile; fileRef = 010887C11D2E4552004BABD6 /* s3.png */; };
		010887E11D2E4552004BABD6 /* s4.png in Resources */ = {isa = PBXBuildFile; fileRef = 010887C21D2E4552004BABD6 /* s4.png */; };
		010887E21D2E4552004BABD6 /* s5.png in Resources */ = {isa = PBXBuildFile; fileRef = 010887C31D2E4552004BABD6 /* s5.png */; };
		010887E31D2E4552004BABD6 /* s6.png in Resources */ = {isa = PBXBuildFile; fileRef = 010887C41D2E4552004BABD6 /* s6.png */; };
		010887E41D2E4552004BABD6 /* s7.png in Resources */ = {isa = PBXBuildFile; fileRef = 010887C51D2E4552004BABD6 /* s7.png */; };
		010887E51D2E4552004BABD6 /* s8.png in Resources */ = {isa = PBXBuildFile; fileRef = 010887C61D2E4552004BABD6 /* s8.png */; };
		010887E61D2E4552004BABD6 /* s9.png in Resources */ = {isa = PBXBuildFile; fileRef = 010887C71D2E4552004BABD6 /* s9.png */; };
		010887E71D2E4552004BABD6 /* 返回@2x.png in Resources */ = {isa = PBXBuildFile; fileRef = 010887C81D2E4552004BABD6 /* 返回@2x.png */; };
		010887E91D2E4566004BABD6 /* fireworksSound.mp3 in Resources */ = {isa = PBXBuildFile; fileRef = 010887E81D2E4566004BABD6 /* fireworksSound.mp3 */; };
		010887F01D2E5DBF004BABD6 /* papapa.mp3 in Resources */ = {isa = PBXBuildFile; fileRef = 010887EF1D2E5DBF004BABD6 /* papapa.mp3 */; };
		010887F21D2E63C7004BABD6 /* fireworksSoundNormal.m4a in Resources */ = {isa = PBXBuildFile; fileRef = 010887F11D2E63C7004BABD6 /* fireworksSoundNormal.m4a */; };
		011F7E041FC3DAD1007AE0FA /* ViewController.m in Sources */ = {isa = PBXBuildFile; fileRef = 011F7E021FC3DAD0007AE0FA /* ViewController.m */; };
		011F7E091FC524F5007AE0FA /* Player.m in Sources */ = {isa = PBXBuildFile; fileRef = 011F7E081FC524F5007AE0FA /* Player.m */; };
		011F7E0C1FC579EA007AE0FA /* NSString+bezierPath.m in Sources */ = {isa = PBXBuildFile; fileRef = 011F7E0B1FC579EA007AE0FA /* NSString+bezierPath.m */; };
		011F7E101FC69DEE007AE0FA /* Lorelei.mp3 in Resources */ = {isa = PBXBuildFile; fileRef = 011F7E0F1FC69DEE007AE0FA /* Lorelei.mp3 */; };
		011F7E161FC6A147007AE0FA /* home.jpeg in Resources */ = {isa = PBXBuildFile; fileRef = 011F7E151FC6A147007AE0FA /* home.jpeg */; };
		011F7E1F1FC6AA58007AE0FA /* YZButton.m in Sources */ = {isa = PBXBuildFile; fileRef = 011F7E1C1FC6AA58007AE0FA /* YZButton.m */; };
		012B5E311D4F4A9E00320FE8 /* RollViewController.m in Sources */ = {isa = PBXBuildFile; fileRef = 012B5E2F1D4F4A9E00320FE8 /* RollViewController.m */; };
		012B5E321D4F4A9E00320FE8 /* RollViewController.xib in Resources */ = {isa = PBXBuildFile; fileRef = 012B5E301D4F4A9E00320FE8 /* RollViewController.xib */; };
		014E8CF31D265A06003DC234 /* YQAnimationLayer.m in Sources */ = {isa = PBXBuildFile; fileRef = 014E8CEE1D265A06003DC234 /* YQAnimationLayer.m */; };
		014E8CF51D265A06003DC234 /* YanhuaViewController.m in Sources */ = {isa = PBXBuildFile; fileRef = 014E8CF21D265A06003DC234 /* YanhuaViewController.m */; };
		016617CC1FC6AD0100FF29DE /* WheelViewController.m in Sources */ = {isa = PBXBuildFile; fileRef = 016617CB1FC6AD0100FF29DE /* WheelViewController.m */; };
		016617D81FC6AD9800FF29DE /* scrollModel.m in Sources */ = {isa = PBXBuildFile; fileRef = 016617D21FC6AD9800FF29DE /* scrollModel.m */; };
		016617D91FC6AD9800FF29DE /* UserModel.m in Sources */ = {isa = PBXBuildFile; fileRef = 016617D41FC6AD9800FF29DE /* UserModel.m */; };
		016617DA1FC6AD9800FF29DE /* GiftModel.m in Sources */ = {isa = PBXBuildFile; fileRef = 016617D51FC6AD9800FF29DE /* GiftModel.m */; };
		016617DE1FC6AEB500FF29DE /* YZLuckyWheel.xib in Resources */ = {isa = PBXBuildFile; fileRef = 016617DC1FC6AEB400FF29DE /* YZLuckyWheel.xib */; };
		016617DF1FC6AEB500FF29DE /* YZLuckyWheel.m in Sources */ = {isa = PBXBuildFile; fileRef = 016617DD1FC6AEB400FF29DE /* YZLuckyWheel.m */; };
		017969661FC7F4C30083759A /* 生日快乐.mp3 in Resources */ = {isa = PBXBuildFile; fileRef = 017969651FC7F4C20083759A /* 生日快乐.mp3 */; };
		01F9C5491D487D5D00A62E3C /* SetViewController.m in Sources */ = {isa = PBXBuildFile; fileRef = 01F9C5481D487D5D00A62E3C /* SetViewController.m */; };
		469651EA048F8B8A2F22A65E /* libPods.a in Frameworks */ = {isa = PBXBuildFile; fileRef = FC76B964AF6D80DB7DA3F135 /* libPods.a */; };
		688A895E1CE589770072C8BC /* test1.plist in Resources */ = {isa = PBXBuildFile; fileRef = 688A895D1CE589770072C8BC /* test1.plist */; };
		688A89621CE595900072C8BC /* test.plist in Resources */ = {isa = PBXBuildFile; fileRef = 688A89611CE595900072C8BC /* test.plist */; };
		D5E313CE1CE57F2400FE5758 /* main.m in Sources */ = {isa = PBXBuildFile; fileRef = D5E313CD1CE57F2400FE5758 /* main.m */; };
		D5E313D11CE57F2400FE5758 /* AppDelegate.m in Sources */ = {isa = PBXBuildFile; fileRef = D5E313D01CE57F2400FE5758 /* AppDelegate.m */; };
		D5E313D71CE57F2400FE5758 /* Main.storyboard in Resources */ = {isa = PBXBuildFile; fileRef = D5E313D51CE57F2400FE5758 /* Main.storyboard */; };
		D5E313D91CE57F2400FE5758 /* Assets.xcassets in Resources */ = {isa = PBXBuildFile; fileRef = D5E313D81CE57F2400FE5758 /* Assets.xcassets */; };
		D5E313DC1CE57F2400FE5758 /* LaunchScreen.storyboard in Resources */ = {isa = PBXBuildFile; fileRef = D5E313DA1CE57F2400FE5758 /* LaunchScreen.storyboard */; };
		D5E313E51CE57F6500FE5758 /* YQPant.m in Sources */ = {isa = PBXBuildFile; fileRef = D5E313E41CE57F6500FE5758 /* YQPant.m */; };
		D5E313E81CE59D4400FE5758 /* WindRain.m in Sources */ = {isa = PBXBuildFile; fileRef = D5E313E71CE59D4400FE5758 /* WindRain.m */; };
		D5E313EB1CE59E2700FE5758 /* RainViewController.m in Sources */ = {isa = PBXBuildFile; fileRef = D5E313EA1CE59E2700FE5758 /* RainViewController.m */; };
/* End PBXBuildFile section */

/* Begin PBXFileReference section */
		010887AB1D2E4552004BABD6 /* bk1@2x.jpg */ = {isa = PBXFileReference; lastKnownFileType = image.jpeg; path = "bk1@2x.jpg"; sourceTree = "<group>"; };
		010887AC1D2E4552004BABD6 /* bk2@2x.jpg */ = {isa = PBXFileReference; lastKnownFileType = image.jpeg; path = "bk2@2x.jpg"; sourceTree = "<group>"; };
		010887AD1D2E4552004BABD6 /* lm.gif */ = {isa = PBXFileReference; lastKnownFileType = image.gif; path = lm.gif; sourceTree = "<group>"; };
		010887AE1D2E4552004BABD6 /* s10.png */ = {isa = PBXFileReference; lastKnownFileType = image.png; path = s10.png; sourceTree = "<group>"; };
		010887AF1D2E4552004BABD6 /* s11.png */ = {isa = PBXFileReference; lastKnownFileType = image.png; path = s11.png; sourceTree = "<group>"; };
		010887B01D2E4552004BABD6 /* s12.png */ = {isa = PBXFileReference; lastKnownFileType = image.png; path = s12.png; sourceTree = "<group>"; };
		010887B11D2E4552004BABD6 /* s13.png */ = {isa = PBXFileReference; lastKnownFileType = image.png; path = s13.png; sourceTree = "<group>"; };
		010887B21D2E4552004BABD6 /* s14.png */ = {isa = PBXFileReference; lastKnownFileType = image.png; path = s14.png; sourceTree = "<group>"; };
		010887B31D2E4552004BABD6 /* s15.png */ = {isa = PBXFileReference; lastKnownFileType = image.png; path = s15.png; sourceTree = "<group>"; };
		010887B41D2E4552004BABD6 /* s16.png */ = {isa = PBXFileReference; lastKnownFileType = image.png; path = s16.png; sourceTree = "<group>"; };
		010887B51D2E4552004BABD6 /* s17.png */ = {isa = PBXFileReference; lastKnownFileType = image.png; path = s17.png; sourceTree = "<group>"; };
		010887B61D2E4552004BABD6 /* s18.png */ = {isa = PBXFileReference; lastKnownFileType = image.png; path = s18.png; sourceTree = "<group>"; };
		010887B71D2E4552004BABD6 /* s19.png */ = {isa = PBXFileReference; lastKnownFileType = image.png; path = s19.png; sourceTree = "<group>"; };
		010887B81D2E4552004BABD6 /* s2.png */ = {isa = PBXFileReference; lastKnownFileType = image.png; path = s2.png; sourceTree = "<group>"; };
		010887B91D2E4552004BABD6 /* s20.png */ = {isa = PBXFileReference; lastKnownFileType = image.png; path = s20.png; sourceTree = "<group>"; };
		010887BA1D2E4552004BABD6 /* s21.png */ = {isa = PBXFileReference; lastKnownFileType = image.png; path = s21.png; sourceTree = "<group>"; };
		010887BB1D2E4552004BABD6 /* s22.png */ = {isa = PBXFileReference; lastKnownFileType = image.png; path = s22.png; sourceTree = "<group>"; };
		010887BC1D2E4552004BABD6 /* s23.png */ = {isa = PBXFileReference; lastKnownFileType = image.png; path = s23.png; sourceTree = "<group>"; };
		010887BD1D2E4552004BABD6 /* s24.png */ = {isa = PBXFileReference; lastKnownFileType = image.png; path = s24.png; sourceTree = "<group>"; };
		010887BE1D2E4552004BABD6 /* s25.png */ = {isa = PBXFileReference; lastKnownFileType = image.png; path = s25.png; sourceTree = "<group>"; };
		010887BF1D2E4552004BABD6 /* s26.png */ = {isa = PBXFileReference; lastKnownFileType = image.png; path = s26.png; sourceTree = "<group>"; };
		010887C01D2E4552004BABD6 /* s27.png */ = {isa = PBXFileReference; lastKnownFileType = image.png; path = s27.png; sourceTree = "<group>"; };
		010887C11D2E4552004BABD6 /* s3.png */ = {isa = PBXFileReference; lastKnownFileType = image.png; path = s3.png; sourceTree = "<group>"; };
		010887C21D2E4552004BABD6 /* s4.png */ = {isa = PBXFileReference; lastKnownFileType = image.png; path = s4.png; sourceTree = "<group>"; };
		010887C31D2E4552004BABD6 /* s5.png */ = {isa = PBXFileReference; lastKnownFileType = image.png; path = s5.png; sourceTree = "<group>"; };
		010887C41D2E4552004BABD6 /* s6.png */ = {isa = PBXFileReference; lastKnownFileType = image.png; path = s6.png; sourceTree = "<group>"; };
		010887C51D2E4552004BABD6 /* s7.png */ = {isa = PBXFileReference; lastKnownFileType = image.png; path = s7.png; sourceTree = "<group>"; };
		010887C61D2E4552004BABD6 /* s8.png */ = {isa = PBXFileReference; lastKnownFileType = image.png; path = s8.png; sourceTree = "<group>"; };
		010887C71D2E4552004BABD6 /* s9.png */ = {isa = PBXFileReference; lastKnownFileType = image.png; path = s9.png; sourceTree = "<group>"; };
		010887C81D2E4552004BABD6 /* 返回@2x.png */ = {isa = PBXFileReference; lastKnownFileType = image.png; path = "返回@2x.png"; sourceTree = "<group>"; };
		010887E81D2E4566004BABD6 /* fireworksSound.mp3 */ = {isa = PBXFileReference; lastKnownFileType = audio.mp3; path = fireworksSound.mp3; sourceTree = "<group>"; };
		010887EF1D2E5DBF004BABD6 /* papapa.mp3 */ = {isa = PBXFileReference; lastKnownFileType = audio.mp3; path = papapa.mp3; sourceTree = "<group>"; };
		010887F11D2E63C7004BABD6 /* fireworksSoundNormal.m4a */ = {isa = PBXFileReference; lastKnownFileType = file; path = fireworksSoundNormal.m4a; sourceTree = "<group>"; };
		011F7E021FC3DAD0007AE0FA /* ViewController.m */ = {isa = PBXFileReference; lastKnownFileType = sourcecode.c.objc; path = ViewController.m; sourceTree = "<group>"; };
		011F7E071FC524F5007AE0FA /* Player.h */ = {isa = PBXFileReference; lastKnownFileType = sourcecode.c.h; path = Player.h; sourceTree = "<group>"; };
		011F7E081FC524F5007AE0FA /* Player.m */ = {isa = PBXFileReference; lastKnownFileType = sourcecode.c.objc; path = Player.m; sourceTree = "<group>"; };
		011F7E0A1FC579EA007AE0FA /* NSString+bezierPath.h */ = {isa = PBXFileReference; lastKnownFileType = sourcecode.c.h; path = "NSString+bezierPath.h"; sourceTree = "<group>"; };
		011F7E0B1FC579EA007AE0FA /* NSString+bezierPath.m */ = {isa = PBXFileReference; lastKnownFileType = sourcecode.c.objc; path = "NSString+bezierPath.m"; sourceTree = "<group>"; };
		011F7E0D1FC6786D007AE0FA /* position.plist */ = {isa = PBXFileReference; lastKnownFileType = text.plist.xml; path = position.plist; sourceTree = "<group>"; };
		011F7E0F1FC69DEE007AE0FA /* Lorelei.mp3 */ = {isa = PBXFileReference; lastKnownFileType = audio.mp3; path = Lorelei.mp3; sourceTree = "<group>"; };
		011F7E151FC6A147007AE0FA /* home.jpeg */ = {isa = PBXFileReference; lastKnownFileType = image.jpeg; path = home.jpeg; sourceTree = "<group>"; };
		011F7E1A1FC6AA58007AE0FA /* YZButton.h */ = {isa = PBXFileReference; lastKnownFileType = sourcecode.c.h; path = YZButton.h; sourceTree = "<group>"; };
		011F7E1C1FC6AA58007AE0FA /* YZButton.m */ = {isa = PBXFileReference; lastKnownFileType = sourcecode.c.objc; path = YZButton.m; sourceTree = "<group>"; };
		012B5E2E1D4F4A9E00320FE8 /* RollViewController.h */ = {isa = PBXFileReference; fileEncoding = 4; lastKnownFileType = sourcecode.c.h; path = RollViewController.h; sourceTree = "<group>"; };
		012B5E2F1D4F4A9E00320FE8 /* RollViewController.m */ = {isa = PBXFileReference; fileEncoding = 4; lastKnownFileType = sourcecode.c.objc; path = RollViewController.m; sourceTree = "<group>"; };
		012B5E301D4F4A9E00320FE8 /* RollViewController.xib */ = {isa = PBXFileReference; fileEncoding = 4; lastKnownFileType = file.xib; path = RollViewController.xib; sourceTree = "<group>"; };
		014E8CED1D265A06003DC234 /* YQAnimationLayer.h */ = {isa = PBXFileReference; fileEncoding = 4; lastKnownFileType = sourcecode.c.h; name = YQAnimationLayer.h; path = ../../YQAnimationLayer.h; sourceTree = "<group>"; };
		014E8CEE1D265A06003DC234 /* YQAnimationLayer.m */ = {isa = PBXFileReference; fileEncoding = 4; lastKnownFileType = sourcecode.c.objc; name = YQAnimationLayer.m; path = ../../YQAnimationLayer.m; sourceTree = "<group>"; };
		014E8CF11D265A06003DC234 /* YanhuaViewController.h */ = {isa = PBXFileReference; fileEncoding = 4; lastKnownFileType = sourcecode.c.h; name = YanhuaViewController.h; path = ../../YanhuaViewController.h; sourceTree = "<group>"; };
		014E8CF21D265A06003DC234 /* YanhuaViewController.m */ = {isa = PBXFileReference; fileEncoding = 4; lastKnownFileType = sourcecode.c.objc; name = YanhuaViewController.m; path = ../../YanhuaViewController.m; sourceTree = "<group>"; };
		016617CA1FC6AD0100FF29DE /* WheelViewController.h */ = {isa = PBXFileReference; fileEncoding = 4; lastKnownFileType = sourcecode.c.h; path = WheelViewController.h; sourceTree = "<group>"; };
		016617CB1FC6AD0100FF29DE /* WheelViewController.m */ = {isa = PBXFileReference; fileEncoding = 4; lastKnownFileType = sourcecode.c.objc; path = WheelViewController.m; sourceTree = "<group>"; };
		016617CD1FC6AD1400FF29DE /* ViewController.h */ = {isa = PBXFileReference; fileEncoding = 4; lastKnownFileType = sourcecode.c.h; path = ViewController.h; sourceTree = "<group>"; };
		016617D21FC6AD9800FF29DE /* scrollModel.m */ = {isa = PBXFileReference; fileEncoding = 4; lastKnownFileType = sourcecode.c.objc; path = scrollModel.m; sourceTree = "<group>"; };
		016617D31FC6AD9800FF29DE /* UserModel.h */ = {isa = PBXFileReference; fileEncoding = 4; lastKnownFileType = sourcecode.c.h; path = UserModel.h; sourceTree = "<group>"; };
		016617D41FC6AD9800FF29DE /* UserModel.m */ = {isa = PBXFileReference; fileEncoding = 4; lastKnownFileType = sourcecode.c.objc; path = UserModel.m; sourceTree = "<group>"; };
		016617D51FC6AD9800FF29DE /* GiftModel.m */ = {isa = PBXFileReference; fileEncoding = 4; lastKnownFileType = sourcecode.c.objc; path = GiftModel.m; sourceTree = "<group>"; };
		016617D61FC6AD9800FF29DE /* scrollModel.h */ = {isa = PBXFileReference; fileEncoding = 4; lastKnownFileType = sourcecode.c.h; path = scrollModel.h; sourceTree = "<group>"; };
		016617D71FC6AD9800FF29DE /* GiftModel.h */ = {isa = PBXFileReference; fileEncoding = 4; lastKnownFileType = sourcecode.c.h; path = GiftModel.h; sourceTree = "<group>"; };
		016617DB1FC6AEB400FF29DE /* YZLuckyWheel.h */ = {isa = PBXFileReference; fileEncoding = 4; lastKnownFileType = sourcecode.c.h; path = YZLuckyWheel.h; sourceTree = "<group>"; };
		016617DC1FC6AEB400FF29DE /* YZLuckyWheel.xib */ = {isa = PBXFileReference; fileEncoding = 4; lastKnownFileType = file.xib; path = YZLuckyWheel.xib; sourceTree = "<group>"; };
		016617DD1FC6AEB400FF29DE /* YZLuckyWheel.m */ = {isa = PBXFileReference; fileEncoding = 4; lastKnownFileType = sourcecode.c.objc; path = YZLuckyWheel.m; sourceTree = "<group>"; };
		017969651FC7F4C20083759A /* 生日快乐.mp3 */ = {isa = PBXFileReference; lastKnownFileType = audio.mp3; path = "生日快乐.mp3"; sourceTree = "<group>"; };
		01F9C5471D487D5C00A62E3C /* SetViewController.h */ = {isa = PBXFileReference; fileEncoding = 4; lastKnownFileType = sourcecode.c.h; name = SetViewController.h; path = ../../SetViewController.h; sourceTree = "<group>"; };
		01F9C5481D487D5D00A62E3C /* SetViewController.m */ = {isa = PBXFileReference; fileEncoding = 4; lastKnownFileType = sourcecode.c.objc; name = SetViewController.m; path = ../../SetViewController.m; sourceTree = "<group>"; };
		2B3BF6F644CA0709F5A64F8F /* Pods.debug.xcconfig */ = {isa = PBXFileReference; includeInIndex = 1; lastKnownFileType = text.xcconfig; name = Pods.debug.xcconfig; path = "Pods/Target Support Files/Pods/Pods.debug.xcconfig"; sourceTree = "<group>"; };
		688A895D1CE589770072C8BC /* test1.plist */ = {isa = PBXFileReference; fileEncoding = 4; lastKnownFileType = text.plist.xml; path = test1.plist; sourceTree = "<group>"; };
		688A89611CE595900072C8BC /* test.plist */ = {isa = PBXFileReference; fileEncoding = 4; lastKnownFileType = text.plist.xml; path = test.plist; sourceTree = "<group>"; };
		8D9240E71E1DFCC8AFBA0E2F /* Pods.release.xcconfig */ = {isa = PBXFileReference; includeInIndex = 1; lastKnownFileType = text.xcconfig; name = Pods.release.xcconfig; path = "Pods/Target Support Files/Pods/Pods.release.xcconfig"; sourceTree = "<group>"; };
		D5E313C91CE57F2400FE5758 /* xuehua.app */ = {isa = PBXFileReference; explicitFileType = wrapper.application; includeInIndex = 0; path = xuehua.app; sourceTree = BUILT_PRODUCTS_DIR; };
		D5E313CD1CE57F2400FE5758 /* main.m */ = {isa = PBXFileReference; lastKnownFileType = sourcecode.c.objc; path = main.m; sourceTree = "<group>"; };
		D5E313CF1CE57F2400FE5758 /* AppDelegate.h */ = {isa = PBXFileReference; lastKnownFileType = sourcecode.c.h; path = AppDelegate.h; sourceTree = "<group>"; };
		D5E313D01CE57F2400FE5758 /* AppDelegate.m */ = {isa = PBXFileReference; lastKnownFileType = sourcecode.c.objc; path = AppDelegate.m; sourceTree = "<group>"; };
		D5E313D61CE57F2400FE5758 /* Base */ = {isa = PBXFileReference; lastKnownFileType = file.storyboard; name = Base; path = Base.lproj/Main.storyboard; sourceTree = "<group>"; };
		D5E313D81CE57F2400FE5758 /* Assets.xcassets */ = {isa = PBXFileReference; lastKnownFileType = folder.assetcatalog; path = Assets.xcassets; sourceTree = "<group>"; };
		D5E313DB1CE57F2400FE5758 /* Base */ = {isa = PBXFileReference; lastKnownFileType = file.storyboard; name = Base; path = Base.lproj/LaunchScreen.storyboard; sourceTree = "<group>"; };
		D5E313DD1CE57F2400FE5758 /* Info.plist */ = {isa = PBXFileReference; lastKnownFileType = text.plist.xml; path = Info.plist; sourceTree = "<group>"; };
		D5E313E31CE57F6500FE5758 /* YQPant.h */ = {isa = PBXFileReference; fileEncoding = 4; lastKnownFileType = sourcecode.c.h; name = YQPant.h; path = ../../YQPant.h; sourceTree = "<group>"; };
		D5E313E41CE57F6500FE5758 /* YQPant.m */ = {isa = PBXFileReference; fileEncoding = 4; lastKnownFileType = sourcecode.c.objc; name = YQPant.m; path = ../../YQPant.m; sourceTree = "<group>"; };
		D5E313E61CE59D4400FE5758 /* WindRain.h */ = {isa = PBXFileReference; fileEncoding = 4; lastKnownFileType = sourcecode.c.h; name = WindRain.h; path = ../../WindRain.h; sourceTree = "<group>"; };
		D5E313E71CE59D4400FE5758 /* WindRain.m */ = {isa = PBXFileReference; fileEncoding = 4; lastKnownFileType = sourcecode.c.objc; name = WindRain.m; path = ../../WindRain.m; sourceTree = "<group>"; };
		D5E313E91CE59E2700FE5758 /* RainViewController.h */ = {isa = PBXFileReference; fileEncoding = 4; lastKnownFileType = sourcecode.c.h; name = RainViewController.h; path = ../../RainViewController.h; sourceTree = "<group>"; };
		D5E313EA1CE59E2700FE5758 /* RainViewController.m */ = {isa = PBXFileReference; fileEncoding = 4; lastKnownFileType = sourcecode.c.objc; name = RainViewController.m; path = ../../RainViewController.m; sourceTree = "<group>"; };
		FC76B964AF6D80DB7DA3F135 /* libPods.a */ = {isa = PBXFileReference; explicitFileType = archive.ar; includeInIndex = 0; path = libPods.a; sourceTree = BUILT_PRODUCTS_DIR; };
/* End PBXFileReference section */

/* Begin PBXFrameworksBuildPhase section */
		D5E313C61CE57F2400FE5758 /* Frameworks */ = {
			isa = PBXFrameworksBuildPhase;
			buildActionMask = 2147483647;
			files = (
				469651EA048F8B8A2F22A65E /* libPods.a in Frameworks */,
			);
			runOnlyForDeploymentPostprocessing = 0;
		};
/* End PBXFrameworksBuildPhase section */

/* Begin PBXGroup section */
		010887A91D2E4552004BABD6 /* source */ = {
			isa = PBXGroup;
			children = (
				010887AA1D2E4552004BABD6 /* img */,
				010887C91D2E4552004BABD6 /* sound */,
			);
			path = source;
			sourceTree = "<group>";
		};
		010887AA1D2E4552004BABD6 /* img */ = {
			isa = PBXGroup;
			children = (
				010887AB1D2E4552004BABD6 /* bk1@2x.jpg */,
				011F7E151FC6A147007AE0FA /* home.jpeg */,
				010887AC1D2E4552004BABD6 /* bk2@2x.jpg */,
				010887AD1D2E4552004BABD6 /* lm.gif */,
				010887AE1D2E4552004BABD6 /* s10.png */,
				010887AF1D2E4552004BABD6 /* s11.png */,
				010887B01D2E4552004BABD6 /* s12.png */,
				010887B11D2E4552004BABD6 /* s13.png */,
				010887B21D2E4552004BABD6 /* s14.png */,
				010887B31D2E4552004BABD6 /* s15.png */,
				010887B41D2E4552004BABD6 /* s16.png */,
				010887B51D2E4552004BABD6 /* s17.png */,
				010887B61D2E4552004BABD6 /* s18.png */,
				010887B71D2E4552004BABD6 /* s19.png */,
				010887B81D2E4552004BABD6 /* s2.png */,
				010887B91D2E4552004BABD6 /* s20.png */,
				010887BA1D2E4552004BABD6 /* s21.png */,
				010887BB1D2E4552004BABD6 /* s22.png */,
				010887BC1D2E4552004BABD6 /* s23.png */,
				010887BD1D2E4552004BABD6 /* s24.png */,
				010887BE1D2E4552004BABD6 /* s25.png */,
				010887BF1D2E4552004BABD6 /* s26.png */,
				010887C01D2E4552004BABD6 /* s27.png */,
				010887C11D2E4552004BABD6 /* s3.png */,
				010887C21D2E4552004BABD6 /* s4.png */,
				010887C31D2E4552004BABD6 /* s5.png */,
				010887C41D2E4552004BABD6 /* s6.png */,
				010887C51D2E4552004BABD6 /* s7.png */,
				010887C61D2E4552004BABD6 /* s8.png */,
				010887C71D2E4552004BABD6 /* s9.png */,
				010887C81D2E4552004BABD6 /* 返回@2x.png */,
			);
			path = img;
			sourceTree = "<group>";
		};
		010887C91D2E4552004BABD6 /* sound */ = {
			isa = PBXGroup;
			children = (
				010887E81D2E4566004BABD6 /* fireworksSound.mp3 */,
				017969651FC7F4C20083759A /* 生日快乐.mp3 */,
				011F7E0F1FC69DEE007AE0FA /* Lorelei.mp3 */,
				010887F11D2E63C7004BABD6 /* fireworksSoundNormal.m4a */,
				010887EF1D2E5DBF004BABD6 /* papapa.mp3 */,
			);
			path = sound;
			sourceTree = "<group>";
		};
		012B5E2A1D4F3F5100320FE8 /* viewModel */ = {
			isa = PBXGroup;
			children = (
				011F7E071FC524F5007AE0FA /* Player.h */,
				011F7E081FC524F5007AE0FA /* Player.m */,
			);
			name = viewModel;
			path = source/viewModel;
			sourceTree = "<group>";
		};
		012B5E2B1D4F3F5100320FE8 /* model */ = {
			isa = PBXGroup;
			children = (
				016617D71FC6AD9800FF29DE /* GiftModel.h */,
				016617D51FC6AD9800FF29DE /* GiftModel.m */,
				016617D61FC6AD9800FF29DE /* scrollModel.h */,
				016617D21FC6AD9800FF29DE /* scrollModel.m */,
				016617D31FC6AD9800FF29DE /* UserModel.h */,
				016617D41FC6AD9800FF29DE /* UserModel.m */,
			);
			name = model;
			path = source/model;
			sourceTree = "<group>";
		};
		012B5E2C1D4F3F5100320FE8 /* view */ = {
			isa = PBXGroup;
			children = (
				011F7E0A1FC579EA007AE0FA /* NSString+bezierPath.h */,
				011F7E0B1FC579EA007AE0FA /* NSString+bezierPath.m */,
				D5E313E31CE57F6500FE5758 /* YQPant.h */,
				D5E313E41CE57F6500FE5758 /* YQPant.m */,
				014E8CED1D265A06003DC234 /* YQAnimationLayer.h */,
				014E8CEE1D265A06003DC234 /* YQAnimationLayer.m */,
				D5E313E61CE59D4400FE5758 /* WindRain.h */,
				D5E313E71CE59D4400FE5758 /* WindRain.m */,
				011F7E1A1FC6AA58007AE0FA /* YZButton.h */,
				011F7E1C1FC6AA58007AE0FA /* YZButton.m */,
				016617DB1FC6AEB400FF29DE /* YZLuckyWheel.h */,
				016617DD1FC6AEB400FF29DE /* YZLuckyWheel.m */,
				016617DC1FC6AEB400FF29DE /* YZLuckyWheel.xib */,
			);
			name = view;
			path = source/view;
			sourceTree = "<group>";
		};
		012B5E2D1D4F3F5100320FE8 /* viewController */ = {
			isa = PBXGroup;
			children = (
				016617CD1FC6AD1400FF29DE /* ViewController.h */,
				011F7E021FC3DAD0007AE0FA /* ViewController.m */,
				016617CA1FC6AD0100FF29DE /* WheelViewController.h */,
				016617CB1FC6AD0100FF29DE /* WheelViewController.m */,
				D5E313E91CE59E2700FE5758 /* RainViewController.h */,
				D5E313EA1CE59E2700FE5758 /* RainViewController.m */,
				014E8CF11D265A06003DC234 /* YanhuaViewController.h */,
				014E8CF21D265A06003DC234 /* YanhuaViewController.m */,
				01F9C5471D487D5C00A62E3C /* SetViewController.h */,
				01F9C5481D487D5D00A62E3C /* SetViewController.m */,
				012B5E2E1D4F4A9E00320FE8 /* RollViewController.h */,
				012B5E2F1D4F4A9E00320FE8 /* RollViewController.m */,
				012B5E301D4F4A9E00320FE8 /* RollViewController.xib */,
			);
			name = viewController;
			path = source/viewController;
			sourceTree = "<group>";
		};
		9E8D5A808DA1C54A36D98B2C /* Pods */ = {
			isa = PBXGroup;
			children = (
				2B3BF6F644CA0709F5A64F8F /* Pods.debug.xcconfig */,
				8D9240E71E1DFCC8AFBA0E2F /* Pods.release.xcconfig */,
			);
			name = Pods;
			sourceTree = "<group>";
		};
		C563887EC069498A277E657D /* Frameworks */ = {
			isa = PBXGroup;
			children = (
				FC76B964AF6D80DB7DA3F135 /* libPods.a */,
			);
			name = Frameworks;
			sourceTree = "<group>";
		};
		D5E313C01CE57F2400FE5758 = {
			isa = PBXGroup;
			children = (
				D5E313CB1CE57F2400FE5758 /* xuehua */,
				D5E313CA1CE57F2400FE5758 /* Products */,
				9E8D5A808DA1C54A36D98B2C /* Pods */,
				C563887EC069498A277E657D /* Frameworks */,
			);
			sourceTree = "<group>";
		};
		D5E313CA1CE57F2400FE5758 /* Products */ = {
			isa = PBXGroup;
			children = (
				D5E313C91CE57F2400FE5758 /* xuehua.app */,
			);
			name = Products;
			sourceTree = "<group>";
		};
		D5E313CB1CE57F2400FE5758 /* xuehua */ = {
			isa = PBXGroup;
			children = (
				012B5E2A1D4F3F5100320FE8 /* viewModel */,
				012B5E2B1D4F3F5100320FE8 /* model */,
				012B5E2C1D4F3F5100320FE8 /* view */,
				012B5E2D1D4F3F5100320FE8 /* viewController */,
				010887A91D2E4552004BABD6 /* source */,
				D5E313CF1CE57F2400FE5758 /* AppDelegate.h */,
				D5E313D01CE57F2400FE5758 /* AppDelegate.m */,
				D5E313D51CE57F2400FE5758 /* Main.storyboard */,
				D5E313D81CE57F2400FE5758 /* Assets.xcassets */,
				D5E313DA1CE57F2400FE5758 /* LaunchScreen.storyboard */,
				D5E313DD1CE57F2400FE5758 /* Info.plist */,
				D5E313CC1CE57F2400FE5758 /* Supporting Files */,
			);
			path = xuehua;
			sourceTree = "<group>";
		};
		D5E313CC1CE57F2400FE5758 /* Supporting Files */ = {
			isa = PBXGroup;
			children = (
				688A89611CE595900072C8BC /* test.plist */,
				688A895D1CE589770072C8BC /* test1.plist */,
				011F7E0D1FC6786D007AE0FA /* position.plist */,
				D5E313CD1CE57F2400FE5758 /* main.m */,
			);
			name = "Supporting Files";
			sourceTree = "<group>";
		};
/* End PBXGroup section */

/* Begin PBXNativeTarget section */
		D5E313C81CE57F2400FE5758 /* xuehua */ = {
			isa = PBXNativeTarget;
			buildConfigurationList = D5E313E01CE57F2400FE5758 /* Build configuration list for PBXNativeTarget "xuehua" */;
			buildPhases = (
				4C842BEBDB3F956AA9E8BF32 /* Check Pods Manifest.lock */,
				D5E313C51CE57F2400FE5758 /* Sources */,
				D5E313C61CE57F2400FE5758 /* Frameworks */,
				D5E313C71CE57F2400FE5758 /* Resources */,
				AA5886CBB068046C84A719A1 /* Embed Pods Frameworks */,
				D9B1AD4404AB167467277E34 /* Copy Pods Resources */,
			);
			buildRules = (
			);
			dependencies = (
			);
			name = xuehua;
			productName = xuehua;
			productReference = D5E313C91CE57F2400FE5758 /* xuehua.app */;
			productType = "com.apple.product-type.application";
		};
/* End PBXNativeTarget section */

/* Begin PBXProject section */
		D5E313C11CE57F2400FE5758 /* Project object */ = {
			isa = PBXProject;
			attributes = {
				LastUpgradeCheck = 0720;
				ORGANIZATIONNAME = test;
				TargetAttributes = {
					D5E313C81CE57F2400FE5758 = {
						CreatedOnToolsVersion = 7.2;
						DevelopmentTeam = 5C5EEDCL9D;
						ProvisioningStyle = Manual;
					};
				};
			};
			buildConfigurationList = D5E313C41CE57F2400FE5758 /* Build configuration list for PBXProject "xuehua" */;
			compatibilityVersion = "Xcode 3.2";
			developmentRegion = English;
			hasScannedForEncodings = 0;
			knownRegions = (
				en,
				Base,
			);
			mainGroup = D5E313C01CE57F2400FE5758;
			productRefGroup = D5E313CA1CE57F2400FE5758 /* Products */;
			projectDirPath = "";
			projectRoot = "";
			targets = (
				D5E313C81CE57F2400FE5758 /* xuehua */,
			);
		};
/* End PBXProject section */

/* Begin PBXResourcesBuildPhase section */
		D5E313C71CE57F2400FE5758 /* Resources */ = {
			isa = PBXResourcesBuildPhase;
			buildActionMask = 2147483647;
			files = (
				010887F01D2E5DBF004BABD6 /* papapa.mp3 in Resources */,
				010887CB1D2E4552004BABD6 /* bk2@2x.jpg in Resources */,
				688A895E1CE589770072C8BC /* test1.plist in Resources */,
				010887CA1D2E4552004BABD6 /* bk1@2x.jpg in Resources */,
				010887E41D2E4552004BABD6 /* s7.png in Resources */,
				010887E01D2E4552004BABD6 /* s3.png in Resources */,
				010887DD1D2E4552004BABD6 /* s25.png in Resources */,
				010887DC1D2E4552004BABD6 /* s24.png in Resources */,
				010887E31D2E4552004BABD6 /* s6.png in Resources */,
				010887D81D2E4552004BABD6 /* s20.png in Resources */,
				010887DF1D2E4552004BABD6 /* s27.png in Resources */,
				010887CC1D2E4552004BABD6 /* lm.gif in Resources */,
				010887DE1D2E4552004BABD6 /* s26.png in Resources */,
				011F7E101FC69DEE007AE0FA /* Lorelei.mp3 in Resources */,
				010887E51D2E4552004BABD6 /* s8.png in Resources */,
				010887E71D2E4552004BABD6 /* 返回@2x.png in Resources */,
				010887DA1D2E4552004BABD6 /* s22.png in Resources */,
				012B5E321D4F4A9E00320FE8 /* RollViewController.xib in Resources */,
				010887E91D2E4566004BABD6 /* fireworksSound.mp3 in Resources */,
				010887E11D2E4552004BABD6 /* s4.png in Resources */,
				010887D11D2E4552004BABD6 /* s14.png in Resources */,
				010887D41D2E4552004BABD6 /* s17.png in Resources */,
				010887D71D2E4552004BABD6 /* s2.png in Resources */,
				010887E21D2E4552004BABD6 /* s5.png in Resources */,
				010887E61D2E4552004BABD6 /* s9.png in Resources */,
				011F7E161FC6A147007AE0FA /* home.jpeg in Resources */,
				010887DB1D2E4552004BABD6 /* s23.png in Resources */,
				D5E313DC1CE57F2400FE5758 /* LaunchScreen.storyboard in Resources */,
				D5E313D91CE57F2400FE5758 /* Assets.xcassets in Resources */,
				010887CD1D2E4552004BABD6 /* s10.png in Resources */,
				017969661FC7F4C30083759A /* 生日快乐.mp3 in Resources */,
				688A89621CE595900072C8BC /* test.plist in Resources */,
				010887D91D2E4552004BABD6 /* s21.png in Resources */,
				010887D31D2E4552004BABD6 /* s16.png in Resources */,
				010887CF1D2E4552004BABD6 /* s12.png in Resources */,
				010887D01D2E4552004BABD6 /* s13.png in Resources */,
				016617DE1FC6AEB500FF29DE /* YZLuckyWheel.xib in Resources */,
				010887F21D2E63C7004BABD6 /* fireworksSoundNormal.m4a in Resources */,
				D5E313D71CE57F2400FE5758 /* Main.storyboard in Resources */,
				010887CE1D2E4552004BABD6 /* s11.png in Resources */,
				010887D61D2E4552004BABD6 /* s19.png in Resources */,
				010887D21D2E4552004BABD6 /* s15.png in Resources */,
				010887D51D2E4552004BABD6 /* s18.png in Resources */,
			);
			runOnlyForDeploymentPostprocessing = 0;
		};
/* End PBXResourcesBuildPhase section */

/* Begin PBXShellScriptBuildPhase section */
		4C842BEBDB3F956AA9E8BF32 /* Check Pods Manifest.lock */ = {
			isa = PBXShellScriptBuildPhase;
			buildActionMask = 2147483647;
			files = (
			);
			inputPaths = (
			);
			name = "Check Pods Manifest.lock";
			outputPaths = (
			);
			runOnlyForDeploymentPostprocessing = 0;
			shellPath = /bin/sh;
			shellScript = "diff \"${PODS_ROOT}/../Podfile.lock\" \"${PODS_ROOT}/Manifest.lock\" > /dev/null\nif [[ $? != 0 ]] ; then\n    cat << EOM\nerror: The sandbox is not in sync with the Podfile.lock. Run 'pod install' or update your CocoaPods installation.\nEOM\n    exit 1\nfi\n";
			showEnvVarsInLog = 0;
		};
		AA5886CBB068046C84A719A1 /* Embed Pods Frameworks */ = {
			isa = PBXShellScriptBuildPhase;
			buildActionMask = 2147483647;
			files = (
			);
			inputPaths = (
			);
			name = "Embed Pods Frameworks";
			outputPaths = (
			);
			runOnlyForDeploymentPostprocessing = 0;
			shellPath = /bin/sh;
			shellScript = "\"${SRCROOT}/Pods/Target Support Files/Pods/Pods-frameworks.sh\"\n";
			showEnvVarsInLog = 0;
		};
		D9B1AD4404AB167467277E34 /* Copy Pods Resources */ = {
			isa = PBXShellScriptBuildPhase;
			buildActionMask = 2147483647;
			files = (
			);
			inputPaths = (
			);
			name = "Copy Pods Resources";
			outputPaths = (
			);
			runOnlyForDeploymentPostprocessing = 0;
			shellPath = /bin/sh;
			shellScript = "\"${SRCROOT}/Pods/Target Support Files/Pods/Pods-resources.sh\"\n";
			showEnvVarsInLog = 0;
		};
/* End PBXShellScriptBuildPhase section */

/* Begin PBXSourcesBuildPhase section */
		D5E313C51CE57F2400FE5758 /* Sources */ = {
			isa = PBXSourcesBuildPhase;
			buildActionMask = 2147483647;
			files = (
				D5E313E51CE57F6500FE5758 /* YQPant.m in Sources */,
				014E8CF31D265A06003DC234 /* YQAnimationLayer.m in Sources */,
				011F7E041FC3DAD1007AE0FA /* ViewController.m in Sources */,
				016617DA1FC6AD9800FF29DE /* GiftModel.m in Sources */,
				01F9C5491D487D5D00A62E3C /* SetViewController.m in Sources */,
				014E8CF51D265A06003DC234 /* YanhuaViewController.m in Sources */,
				016617D91FC6AD9800FF29DE /* UserModel.m in Sources */,
				012B5E311D4F4A9E00320FE8 /* RollViewController.m in Sources */,
				011F7E091FC524F5007AE0FA /* Player.m in Sources */,
				D5E313EB1CE59E2700FE5758 /* RainViewController.m in Sources */,
				016617D81FC6AD9800FF29DE /* scrollModel.m in Sources */,
				D5E313E81CE59D4400FE5758 /* WindRain.m in Sources */,
				011F7E1F1FC6AA58007AE0FA /* YZButton.m in Sources */,
				011F7E0C1FC579EA007AE0FA /* NSString+bezierPath.m in Sources */,
				D5E313D11CE57F2400FE5758 /* AppDelegate.m in Sources */,
				016617DF1FC6AEB500FF29DE /* YZLuckyWheel.m in Sources */,
				D5E313CE1CE57F2400FE5758 /* main.m in Sources */,
				016617CC1FC6AD0100FF29DE /* WheelViewController.m in Sources */,
			);
			runOnlyForDeploymentPostprocessing = 0;
		};
/* End PBXSourcesBuildPhase section */

/* Begin PBXVariantGroup section */
		D5E313D51CE57F2400FE5758 /* Main.storyboard */ = {
			isa = PBXVariantGroup;
			children = (
				D5E313D61CE57F2400FE5758 /* Base */,
			);
			name = Main.storyboard;
			sourceTree = "<group>";
		};
		D5E313DA1CE57F2400FE5758 /* LaunchScreen.storyboard */ = {
			isa = PBXVariantGroup;
			children = (
				D5E313DB1CE57F2400FE5758 /* Base */,
			);
			name = LaunchScreen.storyboard;
			sourceTree = "<group>";
		};
/* End PBXVariantGroup section */

/* Begin XCBuildConfiguration section */
		D5E313DE1CE57F2400FE5758 /* Debug */ = {
			isa = XCBuildConfiguration;
			buildSettings = {
				ALWAYS_SEARCH_USER_PATHS = NO;
				CLANG_CXX_LANGUAGE_STANDARD = "gnu++0x";
				CLANG_CXX_LIBRARY = "libc++";
				CLANG_ENABLE_MODULES = YES;
				CLANG_ENABLE_OBJC_ARC = YES;
				CLANG_WARN_BOOL_CONVERSION = YES;
				CLANG_WARN_CONSTANT_CONVERSION = YES;
				CLANG_WARN_DIRECT_OBJC_ISA_USAGE = YES_ERROR;
				CLANG_WARN_EMPTY_BODY = YES;
				CLANG_WARN_ENUM_CONVERSION = YES;
				CLANG_WARN_INT_CONVERSION = YES;
				CLANG_WARN_OBJC_ROOT_CLASS = YES_ERROR;
				CLANG_WARN_UNREACHABLE_CODE = YES;
				CLANG_WARN__DUPLICATE_METHOD_MATCH = YES;
				"CODE_SIGN_IDENTITY[sdk=iphoneos*]" = "iPhone Developer";
				COPY_PHASE_STRIP = NO;
				DEBUG_INFORMATION_FORMAT = dwarf;
				ENABLE_STRICT_OBJC_MSGSEND = YES;
				ENABLE_TESTABILITY = YES;
				GCC_C_LANGUAGE_STANDARD = gnu99;
				GCC_DYNAMIC_NO_PIC = NO;
				GCC_NO_COMMON_BLOCKS = YES;
				GCC_OPTIMIZATION_LEVEL = 0;
				GCC_PREPROCESSOR_DEFINITIONS = (
					"DEBUG=1",
					"$(inherited)",
				);
				GCC_WARN_64_TO_32_BIT_CONVERSION = YES;
				GCC_WARN_ABOUT_RETURN_TYPE = YES_ERROR;
				GCC_WARN_UNDECLARED_SELECTOR = YES;
				GCC_WARN_UNINITIALIZED_AUTOS = YES_AGGRESSIVE;
				GCC_WARN_UNUSED_FUNCTION = YES;
				GCC_WARN_UNUSED_VARIABLE = YES;
				IPHONEOS_DEPLOYMENT_TARGET = 9.2;
				MTL_ENABLE_DEBUG_INFO = YES;
				ONLY_ACTIVE_ARCH = YES;
				SDKROOT = iphoneos;
			};
			name = Debug;
		};
		D5E313DF1CE57F2400FE5758 /* Release */ = {
			isa = XCBuildConfiguration;
			buildSettings = {
				ALWAYS_SEARCH_USER_PATHS = NO;
				CLANG_CXX_LANGUAGE_STANDARD = "gnu++0x";
				CLANG_CXX_LIBRARY = "libc++";
				CLANG_ENABLE_MODULES = YES;
				CLANG_ENABLE_OBJC_ARC = YES;
				CLANG_WARN_BOOL_CONVERSION = YES;
				CLANG_WARN_CONSTANT_CONVERSION = YES;
				CLANG_WARN_DIRECT_OBJC_ISA_USAGE = YES_ERROR;
				CLANG_WARN_EMPTY_BODY = YES;
				CLANG_WARN_ENUM_CONVERSION = YES;
				CLANG_WARN_INT_CONVERSION = YES;
				CLANG_WARN_OBJC_ROOT_CLASS = YES_ERROR;
				CLANG_WARN_UNREACHABLE_CODE = YES;
				CLANG_WARN__DUPLICATE_METHOD_MATCH = YES;
				"CODE_SIGN_IDENTITY[sdk=iphoneos*]" = "iPhone Developer";
				COPY_PHASE_STRIP = NO;
				DEBUG_INFORMATION_FORMAT = "dwarf-with-dsym";
				ENABLE_NS_ASSERTIONS = NO;
				ENABLE_STRICT_OBJC_MSGSEND = YES;
				GCC_C_LANGUAGE_STANDARD = gnu99;
				GCC_NO_COMMON_BLOCKS = YES;
				GCC_WARN_64_TO_32_BIT_CONVERSION = YES;
				GCC_WARN_ABOUT_RETURN_TYPE = YES_ERROR;
				GCC_WARN_UNDECLARED_SELECTOR = YES;
				GCC_WARN_UNINITIALIZED_AUTOS = YES_AGGRESSIVE;
				GCC_WARN_UNUSED_FUNCTION = YES;
				GCC_WARN_UNUSED_VARIABLE = YES;
				IPHONEOS_DEPLOYMENT_TARGET = 9.2;
				MTL_ENABLE_DEBUG_INFO = NO;
				SDKROOT = iphoneos;
				VALIDATE_PRODUCT = YES;
			};
			name = Release;
		};
		D5E313E11CE57F2400FE5758 /* Debug */ = {
			isa = XCBuildConfiguration;
			baseConfigurationReference = 2B3BF6F644CA0709F5A64F8F /* Pods.debug.xcconfig */;
			buildSettings = {
				ASSETCATALOG_COMPILER_APPICON_NAME = AppIcon;
				CODE_SIGN_IDENTITY = "iPhone Developer";
				"CODE_SIGN_IDENTITY[sdk=iphoneos*]" = "iPhone Developer";
				CODE_SIGN_STYLE = Manual;
				DEVELOPMENT_TEAM = "";
				INFOPLIST_FILE = xuehua/Info.plist;
				IPHONEOS_DEPLOYMENT_TARGET = 8.0;
				LD_RUNPATH_SEARCH_PATHS = "$(inherited) @executable_path/Frameworks";
				PRODUCT_BUNDLE_IDENTIFIER = com.sfbm.xuehua;
				PRODUCT_NAME = "$(TARGET_NAME)";
				PROVISIONING_PROFILE = "";
				PROVISIONING_PROFILE_SPECIFIER = "";
				USER_HEADER_SEARCH_PATHS = "${SRCROOT}/**";
			};
			name = Debug;
		};
		D5E313E21CE57F2400FE5758 /* Release */ = {
			isa = XCBuildConfiguration;
			baseConfigurationReference = 8D9240E71E1DFCC8AFBA0E2F /* Pods.release.xcconfig */;
			buildSettings = {
				ASSETCATALOG_COMPILER_APPICON_NAME = AppIcon;
				CODE_SIGN_IDENTITY = "iPhone Developer";
				"CODE_SIGN_IDENTITY[sdk=iphoneos*]" = "iPhone Distribution";
				CODE_SIGN_STYLE = Manual;
				DEVELOPMENT_TEAM = 5C5EEDCL9D;
				INFOPLIST_FILE = xuehua/Info.plist;
				IPHONEOS_DEPLOYMENT_TARGET = 8.0;
				LD_RUNPATH_SEARCH_PATHS = "$(inherited) @executable_path/Frameworks";
				PRODUCT_BUNDLE_IDENTIFIER = com.sfbm.xuehua;
				PRODUCT_NAME = "$(TARGET_NAME)";
				PROVISIONING_PROFILE = "111fcb46-a50d-4bc8-8d07-a2faecc5b9d2";
				PROVISIONING_PROFILE_SPECIFIER = xuehuaDis;
				USER_HEADER_SEARCH_PATHS = "${SRCROOT}/**";
			};
			name = Release;
		};
/* End XCBuildConfiguration section */

/* Begin XCConfigurationList section */
		D5E313C41CE57F2400FE5758 /* Build configuration list for PBXProject "xuehua" */ = {
			isa = XCConfigurationList;
			buildConfigurations = (
				D5E313DE1CE57F2400FE5758 /* Debug */,
				D5E313DF1CE57F2400FE5758 /* Release */,
			);
			defaultConfigurationIsVisible = 0;
			defaultConfigurationName = Release;
		};
		D5E313E01CE57F2400FE5758 /* Build configuration list for PBXNativeTarget "xuehua" */ = {
			isa = XCConfigurationList;
			buildConfigurations = (
				D5E313E11CE57F2400FE5758 /* Debug */,
				D5E313E21CE57F2400FE5758 /* Release */,
			);
			defaultConfigurationIsVisible = 0;
			defaultConfigurationName = Release;
		};
/* End XCConfigurationList section */
	};
	rootObject = D5E313C11CE57F2400FE5758 /* Project object */;
}
