PODS:
  - AFNetworking (3.1.0):
    - AFNetworking/NSURLSession (= 3.1.0)
    - AFNetworking/Reachability (= 3.1.0)
    - AFNetworking/Security (= 3.1.0)
    - AFNetworking/Serialization (= 3.1.0)
    - AFNetworking/UIKit (= 3.1.0)
  - AFNetworking/NSURLSession (3.1.0):
    - AFNetworking/Reachability
    - AFNetworking/Security
    - AFNetworking/Serialization
  - AFNetworking/Reachability (3.1.0)
  - AFNetworking/Security (3.1.0)
  - AFNetworking/Serialization (3.1.0)
  - AFNetworking/UIKit (3.1.0):
    - AFNetworking/NSURLSession
  - DBAccess (1.6.13)
  - EasyIOS (2.3):
    - EasyIOS/Easy (= 2.3)
  - EasyIOS/Easy (2.3):
    - AFNetworking
    - DBAccess
    - FLKAutoLayout (= 0.1.1)
    - FontIcon
    - GCDObjC
    - MBProgressHUD
    - MJExtension
    - ReactiveCocoa (= 2.4.4)
    - TMCache
    - UIActivityIndicator-for-SDWebImage
  - FLKAutoLayout (0.1.1)
  - FontIcon (1.0)
  - GCDObjC (0.3.0)
  - Masonry (0.6.4)
  - MBProgressHUD (0.9.2)
  - MJExtension (3.0.11)
  - MJRefresh (3.1.10)
  - ReactiveCocoa (2.4.4):
    - ReactiveCocoa/UI (= 2.4.4)
  - ReactiveCocoa/Core (2.4.4):
    - ReactiveCocoa/no-arc
  - ReactiveCocoa/no-arc (2.4.4)
  - ReactiveCocoa/UI (2.4.4):
    - ReactiveCocoa/Core
  - SDWebImage (3.8.1):
    - SDWebImage/Core (= 3.8.1)
  - SDWebImage/Core (3.8.1)
  - TMCache (2.1.0)
  - UIActivityIndicator-for-SDWebImage (1.2):
    - SDWebImage (~> 3.7)

DEPENDENCIES:
  - AFNetworking (~> 3.0)
  - EasyIOS (from `https://github.com/zhuchaowe/EasyIOS.git`)
  - Masonry (~> 0.6.1)
  - MJRefresh (~> 3.1.0)

EXTERNAL SOURCES:
  EasyIOS:
    :git: https://github.com/zhuchaowe/EasyIOS.git

CHECKOUT OPTIONS:
  EasyIOS:
    :commit: 9ba1ae8c0cf53a3b19eef0520d837dce1e2f4715
    :git: https://github.com/zhuchaowe/EasyIOS.git

SPEC CHECKSUMS:
  AFNetworking: 5e0e199f73d8626b11e79750991f5d173d1f8b67
  DBAccess: 7ea961c2f8ab672097c9ab247867670b2fe389d6
  EasyIOS: 7382d0f1d36c7278530da30346ff8549e2ab4965
  FLKAutoLayout: 95b12c5cd9652100235140b68652f063f7437851
  FontIcon: 24a07541244227b865e689217efd7d049ba7cc43
  GCDObjC: 0c31898f34d8605196ac0343c65b496609d7dee6
  Masonry: 281802d04d787ea2973179ee8bcb50500579ede2
  MBProgressHUD: 1569cf7ace17a8bac47aabfbb8580a49690386d1
  MJExtension: f9ae6ddc0f1c482c3c9af750280ccebd14381958
  MJRefresh: bb72948c985914b0b5cecac573a2c69a8915fb02
  ReactiveCocoa: cbe3b5eae464aa72a348a7323996b171728a9e71
  SDWebImage: 35f9627a3e44b4f292a8a8ce6a531fa488239b91
  TMCache: 95ebcc9b3c7e90fb5fd8fc3036cba3aa781c9bed
  UIActivityIndicator-for-SDWebImage: 7bf7ebbf0ed1747dedc0d6e949c4603a6d0f9e0c

COCOAPODS: 0.39.0
